
Microsoft Visual Studio Solution File, Format Version 12.00
# Visual Studio Version 16
VisualStudioVersion = 16.0.31613.86
MinimumVisualStudioVersion = 10.0.40219.1
Project("{9A19103F-16F7-4668-BE54-9A1E7A4F7556}") = "eShopSolution", "eShopSolution\eShopSolution.csproj", "{FD572B5B-19FC-4467-B570-82A9EBECF91B}"
EndProject
Project("{2150E333-8FDC-42A3-9474-1A3956D46DE8}") = "Solution Items", "Solution Items", "{C8CA71A8-CBD8-4956-87FA-46A086260F79}"
	ProjectSection(SolutionItems) = preProject
		README.md = README.md
	EndProjectSection
EndProject
Project("{9A19103F-16F7-4668-BE54-9A1E7A4F7556}") = "eShopSolution.Data", "eShopSolution.Data\eShopSolution.Data.csproj", "{24D64CA6-9941-4DEA-AB4E-65A009E10A14}"
EndProject
Project("{9A19103F-16F7-4668-BE54-9A1E7A4F7556}") = "eShopSolution.Application", "eShopSolution.Application\eShopSolution.Application.csproj", "{295ACC7E-F35A-4403-A10A-5F8C61D5FC17}"
EndProject
Project("{9A19103F-16F7-4668-BE54-9A1E7A4F7556}") = "eShopSolution.Utilities", "eShopSolution.Utilities\eShopSolution.Utilities.csproj", "{38700FBA-8C0D-4959-94DB-A90D90308F23}"
EndProject
Project("{9A19103F-16F7-4668-BE54-9A1E7A4F7556}") = "eShopSolution.ViewModels", "eShopSolution.ViewModels\eShopSolution.ViewModels.csproj", "{AA65C109-2514-4E2C-8A63-F01464F73B87}"
EndProject
Project("{FAE04EC0-301F-11D3-BF4B-00C04F79EFBC}") = "eShopSolution.BackendApi", "eShopSolution.BackendApi\eShopSolution.BackendApi.csproj", "{859618D5-3771-4BB1-BFAC-0F50A88860DC}"
EndProject
Global
	GlobalSection(SolutionConfigurationPlatforms) = preSolution
		Debug|Any CPU = Debug|Any CPU
		Release|Any CPU = Release|Any CPU
	EndGlobalSection
	GlobalSection(ProjectConfigurationPlatforms) = postSolution
		{FD572B5B-19FC-4467-B570-82A9EBECF91B}.Debug|Any CPU.ActiveCfg = Debug|Any CPU
		{FD572B5B-19FC-4467-B570-82A9EBECF91B}.Debug|Any CPU.Build.0 = Debug|Any CPU
		{FD572B5B-19FC-4467-B570-82A9EBECF91B}.Release|Any CPU.ActiveCfg = Release|Any CPU
		{FD572B5B-19FC-4467-B570-82A9EBECF91B}.Release|Any CPU.Build.0 = Release|Any CPU
		{24D64CA6-9941-4DEA-AB4E-65A009E10A14}.Debug|Any CPU.ActiveCfg = Debug|Any CPU
		{24D64CA6-9941-4DEA-AB4E-65A009E10A14}.Debug|Any CPU.Build.0 = Debug|Any CPU
		{24D64CA6-9941-4DEA-AB4E-65A009E10A14}.Release|Any CPU.ActiveCfg = Release|Any CPU
		{24D64CA6-9941-4DEA-AB4E-65A009E10A14}.Release|Any CPU.Build.0 = Release|Any CPU
		{295ACC7E-F35A-4403-A10A-5F8C61D5FC17}.Debug|Any CPU.ActiveCfg = Debug|Any CPU
		{295ACC7E-F35A-4403-A10A-5F8C61D5FC17}.Debug|Any CPU.Build.0 = Debug|Any CPU
		{295ACC7E-F35A-4403-A10A-5F8C61D5FC17}.Release|Any CPU.ActiveCfg = Release|Any CPU
		{295ACC7E-F35A-4403-A10A-5F8C61D5FC17}.Release|Any CPU.Build.0 = Release|Any CPU
		{38700FBA-8C0D-4959-94DB-A90D90308F23}.Debug|Any CPU.ActiveCfg = Debug|Any CPU
		{38700FBA-8C0D-4959-94DB-A90D90308F23}.Debug|Any CPU.Build.0 = Debug|Any CPU
		{38700FBA-8C0D-4959-94DB-A90D90308F23}.Release|Any CPU.ActiveCfg = Release|Any CPU
		{38700FBA-8C0D-4959-94DB-A90D90308F23}.Release|Any CPU.Build.0 = Release|Any CPU
		{AA65C109-2514-4E2C-8A63-F01464F73B87}.Debug|Any CPU.ActiveCfg = Debug|Any CPU
		{AA65C109-2514-4E2C-8A63-F01464F73B87}.Debug|Any CPU.Build.0 = Debug|Any CPU
		{AA65C109-2514-4E2C-8A63-F01464F73B87}.Release|Any CPU.ActiveCfg = Release|Any CPU
		{AA65C109-2514-4E2C-8A63-F01464F73B87}.Release|Any CPU.Build.0 = Release|Any CPU
		{859618D5-3771-4BB1-BFAC-0F50A88860DC}.Debug|Any CPU.ActiveCfg = Debug|Any CPU
		{859618D5-3771-4BB1-BFAC-0F50A88860DC}.Debug|Any CPU.Build.0 = Debug|Any CPU
		{859618D5-3771-4BB1-BFAC-0F50A88860DC}.Release|Any CPU.ActiveCfg = Release|Any CPU
		{859618D5-3771-4BB1-BFAC-0F50A88860DC}.Release|Any CPU.Build.0 = Release|Any CPU
	EndGlobalSection
	GlobalSection(SolutionProperties) = preSolution
		HideSolutionNode = FALSE
	EndGlobalSection
	GlobalSection(ExtensibilityGlobals) = postSolution
		SolutionGuid = {290E3BB8-C00F-48D5-9BF2-E6D5BDFAF9C6}
	EndGlobalSection
EndGlobal
